// !$*UTF8*$!
{
	archiveVersion = 1;
	classes = {
	};
	objectVersion = 55;
	objects = {

/* Begin PBXBuildFile section */
		958C9ADB2757D68C0019001B /* AdventOfCode2021App.swift in Sources */ = {isa = PBXBuildFile; fileRef = 958C9ADA2757D68C0019001B /* AdventOfCode2021App.swift */; };
		958C9ADD2757D68C0019001B /* ContentView.swift in Sources */ = {isa = PBXBuildFile; fileRef = 958C9ADC2757D68C0019001B /* ContentView.swift */; };
		958C9ADF2757D68D0019001B /* Assets.xcassets in Resources */ = {isa = PBXBuildFile; fileRef = 958C9ADE2757D68D0019001B /* Assets.xcassets */; };
		958C9AE22757D68D0019001B /* Preview Assets.xcassets in Resources */ = {isa = PBXBuildFile; fileRef = 958C9AE12757D68D0019001B /* Preview Assets.xcassets */; };
		958C9AED2757D68E0019001B /* AdventOfCode2021Tests.swift in Sources */ = {isa = PBXBuildFile; fileRef = 958C9AEC2757D68E0019001B /* AdventOfCode2021Tests.swift */; };
		958C9AF72757D68E0019001B /* AdventOfCode2021UITests.swift in Sources */ = {isa = PBXBuildFile; fileRef = 958C9AF62757D68E0019001B /* AdventOfCode2021UITests.swift */; };
		958C9AF92757D68E0019001B /* AdventOfCode2021UITestsLaunchTests.swift in Sources */ = {isa = PBXBuildFile; fileRef = 958C9AF82757D68E0019001B /* AdventOfCode2021UITestsLaunchTests.swift */; };
/* End PBXBuildFile section */

/* Begin PBXContainerItemProxy section */
		958C9AE92757D68E0019001B /* PBXContainerItemProxy */ = {
			isa = PBXContainerItemProxy;
			containerPortal = 958C9ACF2757D68B0019001B /* Project object */;
			proxyType = 1;
			remoteGlobalIDString = 958C9AD62757D68C0019001B;
			remoteInfo = AdventOfCode2021;
		};
		958C9AF32757D68E0019001B /* PBXContainerItemProxy */ = {
			isa = PBXContainerItemProxy;
			containerPortal = 958C9ACF2757D68B0019001B /* Project object */;
			proxyType = 1;
			remoteGlobalIDString = 958C9AD62757D68C0019001B;
			remoteInfo = AdventOfCode2021;
		};
/* End PBXContainerItemProxy section */

/* Begin PBXFileReference section */
		958C9AD72757D68C0019001B /* AdventOfCode2021.app */ = {isa = PBXFileReference; explicitFileType = wrapper.application; includeInIndex = 0; path = AdventOfCode2021.app; sourceTree = BUILT_PRODUCTS_DIR; };
		958C9ADA2757D68C0019001B /* AdventOfCode2021App.swift */ = {isa = PBXFileReference; lastKnownFileType = sourcecode.swift; path = AdventOfCode2021App.swift; sourceTree = "<group>"; };
		958C9ADC2757D68C0019001B /* ContentView.swift */ = {isa = PBXFileReference; lastKnownFileType = sourcecode.swift; path = ContentView.swift; sourceTree = "<group>"; };
		958C9ADE2757D68D0019001B /* Assets.xcassets */ = {isa = PBXFileReference; lastKnownFileType = folder.assetcatalog; path = Assets.xcassets; sourceTree = "<group>"; };
		958C9AE12757D68D0019001B /* Preview Assets.xcassets */ = {isa = PBXFileReference; lastKnownFileType = folder.assetcatalog; path = "Preview Assets.xcassets"; sourceTree = "<group>"; };
		958C9AE32757D68D0019001B /* AdventOfCode2021.entitlements */ = {isa = PBXFileReference; lastKnownFileType = text.plist.entitlements; path = AdventOfCode2021.entitlements; sourceTree = "<group>"; };
		958C9AE82757D68E0019001B /* AdventOfCode2021Tests.xctest */ = {isa = PBXFileReference; explicitFileType = wrapper.cfbundle; includeInIndex = 0; path = AdventOfCode2021Tests.xctest; sourceTree = BUILT_PRODUCTS_DIR; };
		958C9AEC2757D68E0019001B /* AdventOfCode2021Tests.swift */ = {isa = PBXFileReference; lastKnownFileType = sourcecode.swift; path = AdventOfCode2021Tests.swift; sourceTree = "<group>"; };
		958C9AF22757D68E0019001B /* AdventOfCode2021UITests.xctest */ = {isa = PBXFileReference; explicitFileType = wrapper.cfbundle; includeInIndex = 0; path = AdventOfCode2021UITests.xctest; sourceTree = BUILT_PRODUCTS_DIR; };
		958C9AF62757D68E0019001B /* AdventOfCode2021UITests.swift */ = {isa = PBXFileReference; lastKnownFileType = sourcecode.swift; path = AdventOfCode2021UITests.swift; sourceTree = "<group>"; };
		958C9AF82757D68E0019001B /* AdventOfCode2021UITestsLaunchTests.swift */ = {isa = PBXFileReference; lastKnownFileType = sourcecode.swift; path = AdventOfCode2021UITestsLaunchTests.swift; sourceTree = "<group>"; };
/* End PBXFileReference section */

/* Begin PBXFrameworksBuildPhase section */
		958C9AD42757D68C0019001B /* Frameworks */ = {
			isa = PBXFrameworksBuildPhase;
			buildActionMask = 2147483647;
			files = (
			);
			runOnlyForDeploymentPostprocessing = 0;
		};
		958C9AE52757D68E0019001B /* Frameworks */ = {
			isa = PBXFrameworksBuildPhase;
			buildActionMask = 2147483647;
			files = (
			);
			runOnlyForDeploymentPostprocessing = 0;
		};
		958C9AEF2757D68E0019001B /* Frameworks */ = {
			isa = PBXFrameworksBuildPhase;
			buildActionMask = 2147483647;
			files = (
			);
			runOnlyForDeploymentPostprocessing = 0;
		};
/* End PBXFrameworksBuildPhase section */

/* Begin PBXGroup section */
		958C9ACE2757D68B0019001B = {
			isa = PBXGroup;
			children = (
				958C9AD92757D68C0019001B /* AdventOfCode2021 */,
				958C9AEB2757D68E0019001B /* AdventOfCode2021Tests */,
				958C9AF52757D68E0019001B /* AdventOfCode2021UITests */,
				958C9AD82757D68C0019001B /* Products */,
			);
			sourceTree = "<group>";
		};
		958C9AD82757D68C0019001B /* Products */ = {
			isa = PBXGroup;
			children = (
				958C9AD72757D68C0019001B /* AdventOfCode2021.app */,
				958C9AE82757D68E0019001B /* AdventOfCode2021Tests.xctest */,
				958C9AF22757D68E0019001B /* AdventOfCode2021UITests.xctest */,
			);
			name = Products;
			sourceTree = "<group>";
		};
		958C9AD92757D68C0019001B /* AdventOfCode2021 */ = {
			isa = PBXGroup;
			children = (
				958C9ADA2757D68C0019001B /* AdventOfCode2021App.swift */,
				958C9ADC2757D68C0019001B /* ContentView.swift */,
				958C9ADE2757D68D0019001B /* Assets.xcassets */,
				958C9AE32757D68D0019001B /* AdventOfCode2021.entitlements */,
				958C9AE02757D68D0019001B /* Preview Content */,
			);
			path = AdventOfCode2021;
			sourceTree = "<group>";
		};
		958C9AE02757D68D0019001B /* Preview Content */ = {
			isa = PBXGroup;
			children = (
				958C9AE12757D68D0019001B /* Preview Assets.xcassets */,
			);
			path = "Preview Content";
			sourceTree = "<group>";
		};
		958C9AEB2757D68E0019001B /* AdventOfCode2021Tests */ = {
			isa = PBXGroup;
			children = (
				958C9AEC2757D68E0019001B /* AdventOfCode2021Tests.swift */,
			);
			path = AdventOfCode2021Tests;
			sourceTree = "<group>";
		};
		958C9AF52757D68E0019001B /* AdventOfCode2021UITests */ = {
			isa = PBXGroup;
			children = (
				958C9AF62757D68E0019001B /* AdventOfCode2021UITests.swift */,
				958C9AF82757D68E0019001B /* AdventOfCode2021UITestsLaunchTests.swift */,
			);
			path = AdventOfCode2021UITests;
			sourceTree = "<group>";
		};
/* End PBXGroup section */

/* Begin PBXNativeTarget section */
		958C9AD62757D68C0019001B /* AdventOfCode2021 */ = {
			isa = PBXNativeTarget;
			buildConfigurationList = 958C9AFC2757D68E0019001B /* Build configuration list for PBXNativeTarget "AdventOfCode2021" */;
			buildPhases = (
				958C9AD32757D68C0019001B /* Sources */,
				958C9AD42757D68C0019001B /* Frameworks */,
				958C9AD52757D68C0019001B /* Resources */,
			);
			buildRules = (
			);
			dependencies = (
			);
			name = AdventOfCode2021;
			productName = AdventOfCode2021;
			productReference = 958C9AD72757D68C0019001B /* AdventOfCode2021.app */;
			productType = "com.apple.product-type.application";
		};
		958C9AE72757D68E0019001B /* AdventOfCode2021Tests */ = {
			isa = PBXNativeTarget;
			buildConfigurationList = 958C9AFF2757D68E0019001B /* Build configuration list for PBXNativeTarget "AdventOfCode2021Tests" */;
			buildPhases = (
				958C9AE42757D68E0019001B /* Sources */,
				958C9AE52757D68E0019001B /* Frameworks */,
				958C9AE62757D68E0019001B /* Resources */,
			);
			buildRules = (
			);
			dependencies = (
				958C9AEA2757D68E0019001B /* PBXTargetDependency */,
			);
			name = AdventOfCode2021Tests;
			productName = AdventOfCode2021Tests;
			productReference = 958C9AE82757D68E0019001B /* AdventOfCode2021Tests.xctest */;
			productType = "com.apple.product-type.bundle.unit-test";
		};
		958C9AF12757D68E0019001B /* AdventOfCode2021UITests */ = {
			isa = PBXNativeTarget;
			buildConfigurationList = 958C9B022757D68E0019001B /* Build configuration list for PBXNativeTarget "AdventOfCode2021UITests" */;
			buildPhases = (
				958C9AEE2757D68E0019001B /* Sources */,
				958C9AEF2757D68E0019001B /* Frameworks */,
				958C9AF02757D68E0019001B /* Resources */,
			);
			buildRules = (
			);
			dependencies = (
				958C9AF42757D68E0019001B /* PBXTargetDependency */,
			);
			name = AdventOfCode2021UITests;
			productName = AdventOfCode2021UITests;
			productReference = 958C9AF22757D68E0019001B /* AdventOfCode2021UITests.xctest */;
			productType = "com.apple.product-type.bundle.ui-testing";
		};
/* End PBXNativeTarget section */

/* Begin PBXProject section */
		958C9ACF2757D68B0019001B /* Project object */ = {
			isa = PBXProject;
			attributes = {
				BuildIndependentTargetsInParallel = 1;
				LastSwiftUpdateCheck = 1310;
				LastUpgradeCheck = 1310;
				TargetAttributes = {
					958C9AD62757D68C0019001B = {
						CreatedOnToolsVersion = 13.1;
					};
					958C9AE72757D68E0019001B = {
						CreatedOnToolsVersion = 13.1;
						TestTargetID = 958C9AD62757D68C0019001B;
					};
					958C9AF12757D68E0019001B = {
						CreatedOnToolsVersion = 13.1;
						TestTargetID = 958C9AD62757D68C0019001B;
					};
				};
			};
			buildConfigurationList = 958C9AD22757D68C0019001B /* Build configuration list for PBXProject "AdventOfCode2021" */;
			compatibilityVersion = "Xcode 13.0";
			developmentRegion = en;
			hasScannedForEncodings = 0;
			knownRegions = (
				en,
				Base,
			);
			mainGroup = 958C9ACE2757D68B0019001B;
			productRefGroup = 958C9AD82757D68C0019001B /* Products */;
			projectDirPath = "";
			projectRoot = "";
			targets = (
				958C9AD62757D68C0019001B /* AdventOfCode2021 */,
				958C9AE72757D68E0019001B /* AdventOfCode2021Tests */,
				958C9AF12757D68E0019001B /* AdventOfCode2021UITests */,
			);
		};
/* End PBXProject section */

/* Begin PBXResourcesBuildPhase section */
		958C9AD52757D68C0019001B /* Resources */ = {
			isa = PBXResourcesBuildPhase;
			buildActionMask = 2147483647;
			files = (
				958C9AE22757D68D0019001B /* Preview Assets.xcassets in Resources */,
				958C9ADF2757D68D0019001B /* Assets.xcassets in Resources */,
			);
			runOnlyForDeploymentPostprocessing = 0;
		};
		958C9AE62757D68E0019001B /* Resources */ = {
			isa = PBXResourcesBuildPhase;
			buildActionMask = 2147483647;
			files = (
			);
			runOnlyForDeploymentPostprocessing = 0;
		};
		958C9AF02757D68E0019001B /* Resources */ = {
			isa = PBXResourcesBuildPhase;
			buildActionMask = 2147483647;
			files = (
			);
			runOnlyForDeploymentPostprocessing = 0;
		};
/* End PBXResourcesBuildPhase section */

/* Begin PBXSourcesBuildPhase section */
		958C9AD32757D68C0019001B /* Sources */ = {
			isa = PBXSourcesBuildPhase;
			buildActionMask = 2147483647;
			files = (
				958C9ADD2757D68C0019001B /* ContentView.swift in Sources */,
				958C9ADB2757D68C0019001B /* AdventOfCode2021App.swift in Sources */,
			);
			runOnlyForDeploymentPostprocessing = 0;
		};
		958C9AE42757D68E0019001B /* Sources */ = {
			isa = PBXSourcesBuildPhase;
			buildActionMask = 2147483647;
			files = (
				958C9AED2757D68E0019001B /* AdventOfCode2021Tests.swift in Sources */,
			);
			runOnlyForDeploymentPostprocessing = 0;
		};
		958C9AEE2757D68E0019001B /* Sources */ = {
			isa = PBXSourcesBuildPhase;
			buildActionMask = 2147483647;
			files = (
				958C9AF72757D68E0019001B /* AdventOfCode2021UITests.swift in Sources */,
				958C9AF92757D68E0019001B /* AdventOfCode2021UITestsLaunchTests.swift in Sources */,
			);
			runOnlyForDeploymentPostprocessing = 0;
		};
/* End PBXSourcesBuildPhase section */

/* Begin PBXTargetDependency section */
		958C9AEA2757D68E0019001B /* PBXTargetDependency */ = {
			isa = PBXTargetDependency;
			target = 958C9AD62757D68C0019001B /* AdventOfCode2021 */;
			targetProxy = 958C9AE92757D68E0019001B /* PBXContainerItemProxy */;
		};
		958C9AF42757D68E0019001B /* PBXTargetDependency */ = {
			isa = PBXTargetDependency;
			target = 958C9AD62757D68C0019001B /* AdventOfCode2021 */;
			targetProxy = 958C9AF32757D68E0019001B /* PBXContainerItemProxy */;
		};
/* End PBXTargetDependency section */

/* Begin XCBuildConfiguration section */
		958C9AFA2757D68E0019001B /* Debug */ = {
			isa = XCBuildConfiguration;
			buildSettings = {
				ALWAYS_SEARCH_USER_PATHS = NO;
				CLANG_ANALYZER_NONNULL = YES;
				CLANG_ANALYZER_NUMBER_OBJECT_CONVERSION = YES_AGGRESSIVE;
				CLANG_CXX_LANGUAGE_STANDARD = "gnu++17";
				CLANG_CXX_LIBRARY = "libc++";
				CLANG_ENABLE_MODULES = YES;
				CLANG_ENABLE_OBJC_ARC = YES;
				CLANG_ENABLE_OBJC_WEAK = YES;
				CLANG_WARN_BLOCK_CAPTURE_AUTORELEASING = YES;
				CLANG_WARN_BOOL_CONVERSION = YES;
				CLANG_WARN_COMMA = YES;
				CLANG_WARN_CONSTANT_CONVERSION = YES;
				CLANG_WARN_DEPRECATED_OBJC_IMPLEMENTATIONS = YES;
				CLANG_WARN_DIRECT_OBJC_ISA_USAGE = YES_ERROR;
				CLANG_WARN_DOCUMENTATION_COMMENTS = YES;
				CLANG_WARN_EMPTY_BODY = YES;
				CLANG_WARN_ENUM_CONVERSION = YES;
				CLANG_WARN_INFINITE_RECURSION = YES;
				CLANG_WARN_INT_CONVERSION = YES;
				CLANG_WARN_NON_LITERAL_NULL_CONVERSION = YES;
				CLANG_WARN_OBJC_IMPLICIT_RETAIN_SELF = YES;
				CLANG_WARN_OBJC_LITERAL_CONVERSION = YES;
				CLANG_WARN_OBJC_ROOT_CLASS = YES_ERROR;
				CLANG_WARN_QUOTED_INCLUDE_IN_FRAMEWORK_HEADER = YES;
				CLANG_WARN_RANGE_LOOP_ANALYSIS = YES;
				CLANG_WARN_STRICT_PROTOTYPES = YES;
				CLANG_WARN_SUSPICIOUS_MOVE = YES;
				CLANG_WARN_UNGUARDED_AVAILABILITY = YES_AGGRESSIVE;
				CLANG_WARN_UNREACHABLE_CODE = YES;
				CLANG_WARN__DUPLICATE_METHOD_MATCH = YES;
				COPY_PHASE_STRIP = NO;
				DEBUG_INFORMATION_FORMAT = dwarf;
				ENABLE_STRICT_OBJC_MSGSEND = YES;
				ENABLE_TESTABILITY = YES;
				GCC_C_LANGUAGE_STANDARD = gnu11;
				GCC_DYNAMIC_NO_PIC = NO;
				GCC_NO_COMMON_BLOCKS = YES;
				GCC_OPTIMIZATION_LEVEL = 0;
				GCC_PREPROCESSOR_DEFINITIONS = (
					"DEBUG=1",
					"$(inherited)",
				);
				GCC_WARN_64_TO_32_BIT_CONVERSION = YES;
				GCC_WARN_ABOUT_RETURN_TYPE = YES_ERROR;
				GCC_WARN_UNDECLARED_SELECTOR = YES;
				GCC_WARN_UNINITIALIZED_AUTOS = YES_AGGRESSIVE;
				GCC_WARN_UNUSED_FUNCTION = YES;
				GCC_WARN_UNUSED_VARIABLE = YES;
				MACOSX_DEPLOYMENT_TARGET = 12.0;
				MTL_ENABLE_DEBUG_INFO = INCLUDE_SOURCE;
				MTL_FAST_MATH = YES;
				ONLY_ACTIVE_ARCH = YES;
				SDKROOT = macosx;
				SWIFT_ACTIVE_COMPILATION_CONDITIONS = DEBUG;
				SWIFT_OPTIMIZATION_LEVEL = "-Onone";
			};
			name = Debug;
		};
		958C9AFB2757D68E0019001B /* Release */ = {
			isa = XCBuildConfiguration;
			buildSettings = {
				ALWAYS_SEARCH_USER_PATHS = NO;
				CLANG_ANALYZER_NONNULL = YES;
				CLANG_ANALYZER_NUMBER_OBJECT_CONVERSION = YES_AGGRESSIVE;
				CLANG_CXX_LANGUAGE_STANDARD = "gnu++17";
				CLANG_CXX_LIBRARY = "libc++";
				CLANG_ENABLE_MODULES = YES;
				CLANG_ENABLE_OBJC_ARC = YES;
				CLANG_ENABLE_OBJC_WEAK = YES;
				CLANG_WARN_BLOCK_CAPTURE_AUTORELEASING = YES;
				CLANG_WARN_BOOL_CONVERSION = YES;
				CLANG_WARN_COMMA = YES;
				CLANG_WARN_CONSTANT_CONVERSION = YES;
				CLANG_WARN_DEPRECATED_OBJC_IMPLEMENTATIONS = YES;
				CLANG_WARN_DIRECT_OBJC_ISA_USAGE = YES_ERROR;
				CLANG_WARN_DOCUMENTATION_COMMENTS = YES;
				CLANG_WARN_EMPTY_BODY = YES;
				CLANG_WARN_ENUM_CONVERSION = YES;
				CLANG_WARN_INFINITE_RECURSION = YES;
				CLANG_WARN_INT_CONVERSION = YES;
				CLANG_WARN_NON_LITERAL_NULL_CONVERSION = YES;
				CLANG_WARN_OBJC_IMPLICIT_RETAIN_SELF = YES;
				CLANG_WARN_OBJC_LITERAL_CONVERSION = YES;
				CLANG_WARN_OBJC_ROOT_CLASS = YES_ERROR;
				CLANG_WARN_QUOTED_INCLUDE_IN_FRAMEWORK_HEADER = YES;
				CLANG_WARN_RANGE_LOOP_ANALYSIS = YES;
				CLANG_WARN_STRICT_PROTOTYPES = YES;
				CLANG_WARN_SUSPICIOUS_MOVE = YES;
				CLANG_WARN_UNGUARDED_AVAILABILITY = YES_AGGRESSIVE;
				CLANG_WARN_UNREACHABLE_CODE = YES;
				CLANG_WARN__DUPLICATE_METHOD_MATCH = YES;
				COPY_PHASE_STRIP = NO;
				DEBUG_INFORMATION_FORMAT = "dwarf-with-dsym";
				ENABLE_NS_ASSERTIONS = NO;
				ENABLE_STRICT_OBJC_MSGSEND = YES;
				GCC_C_LANGUAGE_STANDARD = gnu11;
				GCC_NO_COMMON_BLOCKS = YES;
				GCC_WARN_64_TO_32_BIT_CONVERSION = YES;
				GCC_WARN_ABOUT_RETURN_TYPE = YES_ERROR;
				GCC_WARN_UNDECLARED_SELECTOR = YES;
				GCC_WARN_UNINITIALIZED_AUTOS = YES_AGGRESSIVE;
				GCC_WARN_UNUSED_FUNCTION = YES;
				GCC_WARN_UNUSED_VARIABLE = YES;
				MACOSX_DEPLOYMENT_TARGET = 12.0;
				MTL_ENABLE_DEBUG_INFO = NO;
				MTL_FAST_MATH = YES;
				SDKROOT = macosx;
				SWIFT_COMPILATION_MODE = wholemodule;
				SWIFT_OPTIMIZATION_LEVEL = "-O";
			};
			name = Release;
		};
		958C9AFD2757D68E0019001B /* Debug */ = {
			isa = XCBuildConfiguration;
			buildSettings = {
				ASSETCATALOG_COMPILER_APPICON_NAME = AppIcon;
				ASSETCATALOG_COMPILER_GLOBAL_ACCENT_COLOR_NAME = AccentColor;
				CODE_SIGN_ENTITLEMENTS = AdventOfCode2021/AdventOfCode2021.entitlements;
				CODE_SIGN_STYLE = Automatic;
				COMBINE_HIDPI_IMAGES = YES;
				CURRENT_PROJECT_VERSION = 1;
				DEVELOPMENT_ASSET_PATHS = "\"AdventOfCode2021/Preview Content\"";
				ENABLE_PREVIEWS = YES;
				GENERATE_INFOPLIST_FILE = YES;
				INFOPLIST_KEY_NSHumanReadableCopyright = "";
				LD_RUNPATH_SEARCH_PATHS = (
					"$(inherited)",
					"@executable_path/../Frameworks",
				);
				MARKETING_VERSION = 1.0;
				PRODUCT_BUNDLE_IDENTIFIER = com.zachtib.AdventOfCode2021;
				PRODUCT_NAME = "$(TARGET_NAME)";
				SWIFT_EMIT_LOC_STRINGS = YES;
				SWIFT_VERSION = 5.0;
			};
			name = Debug;
		};
		958C9AFE2757D68E0019001B /* Release */ = {
			isa = XCBuildConfiguration;
			buildSettings = {
				ASSETCATALOG_COMPILER_APPICON_NAME = AppIcon;
				ASSETCATALOG_COMPILER_GLOBAL_ACCENT_COLOR_NAME = AccentColor;
				CODE_SIGN_ENTITLEMENTS = AdventOfCode2021/AdventOfCode2021.entitlements;
				CODE_SIGN_STYLE = Automatic;
				COMBINE_HIDPI_IMAGES = YES;
				CURRENT_PROJECT_VERSION = 1;
				DEVELOPMENT_ASSET_PATHS = "\"AdventOfCode2021/Preview Content\"";
				ENABLE_PREVIEWS = YES;
				GENERATE_INFOPLIST_FILE = YES;
				INFOPLIST_KEY_NSHumanReadableCopyright = "";
				LD_RUNPATH_SEARCH_PATHS = (
					"$(inherited)",
					"@executable_path/../Frameworks",
				);
				MARKETING_VERSION = 1.0;
				PRODUCT_BUNDLE_IDENTIFIER = com.zachtib.AdventOfCode2021;
				PRODUCT_NAME = "$(TARGET_NAME)";
				SWIFT_EMIT_LOC_STRINGS = YES;
				SWIFT_VERSION = 5.0;
			};
			name = Release;
		};
		958C9B002757D68E0019001B /* Debug */ = {
			isa = XCBuildConfiguration;
			buildSettings = {
				ALWAYS_EMBED_SWIFT_STANDARD_LIBRARIES = YES;
				BUNDLE_LOADER = "$(TEST_HOST)";
				CODE_SIGN_STYLE = Automatic;
				COMBINE_HIDPI_IMAGES = YES;
				CURRENT_PROJECT_VERSION = 1;
				GENERATE_INFOPLIST_FILE = YES;
				LD_RUNPATH_SEARCH_PATHS = (
					"$(inherited)",
					"@executable_path/../Frameworks",
					"@loader_path/../Frameworks",
				);
				MACOSX_DEPLOYMENT_TARGET = 12.0;
				MARKETING_VERSION = 1.0;
				PRODUCT_BUNDLE_IDENTIFIER = com.zachtib.AdventOfCode2021Tests;
				PRODUCT_NAME = "$(TARGET_NAME)";
				SWIFT_EMIT_LOC_STRINGS = NO;
				SWIFT_VERSION = 5.0;
				TEST_HOST = "$(BUILT_PRODUCTS_DIR)/AdventOfCode2021.app/Contents/MacOS/AdventOfCode2021";
			};
			name = Debug;
		};
		958C9B012757D68E0019001B /* Release */ = {
			isa = XCBuildConfiguration;
			buildSettings = {
				ALWAYS_EMBED_SWIFT_STANDARD_LIBRARIES = YES;
				BUNDLE_LOADER = "$(TEST_HOST)";
				CODE_SIGN_STYLE = Automatic;
				COMBINE_HIDPI_IMAGES = YES;
				CURRENT_PROJECT_VERSION = 1;
				GENERATE_INFOPLIST_FILE = YES;
				LD_RUNPATH_SEARCH_PATHS = (
					"$(inherited)",
					"@executable_path/../Frameworks",
					"@loader_path/../Frameworks",
				);
				MACOSX_DEPLOYMENT_TARGET = 12.0;
				MARKETING_VERSION = 1.0;
				PRODUCT_BUNDLE_IDENTIFIER = com.zachtib.AdventOfCode2021Tests;
				PRODUCT_NAME = "$(TARGET_NAME)";
				SWIFT_EMIT_LOC_STRINGS = NO;
				SWIFT_VERSION = 5.0;
				TEST_HOST = "$(BUILT_PRODUCTS_DIR)/AdventOfCode2021.app/Contents/MacOS/AdventOfCode2021";
			};
			name = Release;
		};
		958C9B032757D68E0019001B /* Debug */ = {
			isa = XCBuildConfiguration;
			buildSettings = {
				ALWAYS_EMBED_SWIFT_STANDARD_LIBRARIES = YES;
				CODE_SIGN_STYLE = Automatic;
				COMBINE_HIDPI_IMAGES = YES;
				CURRENT_PROJECT_VERSION = 1;
				GENERATE_INFOPLIST_FILE = YES;
				LD_RUNPATH_SEARCH_PATHS = (
					"$(inherited)",
					"@executable_path/../Frameworks",
					"@loader_path/../Frameworks",
				);
				MARKETING_VERSION = 1.0;
				PRODUCT_BUNDLE_IDENTIFIER = com.zachtib.AdventOfCode2021UITests;
				PRODUCT_NAME = "$(TARGET_NAME)";
				SWIFT_EMIT_LOC_STRINGS = NO;
				SWIFT_VERSION = 5.0;
				TEST_TARGET_NAME = AdventOfCode2021;
			};
			name = Debug;
		};
		958C9B042757D68E0019001B /* Release */ = {
			isa = XCBuildConfiguration;
			buildSettings = {
				ALWAYS_EMBED_SWIFT_STANDARD_LIBRARIES = YES;
				CODE_SIGN_STYLE = Automatic;
				COMBINE_HIDPI_IMAGES = YES;
				CURRENT_PROJECT_VERSION = 1;
				GENERATE_INFOPLIST_FILE = YES;
				LD_RUNPATH_SEARCH_PATHS = (
					"$(inherited)",
					"@executable_path/../Frameworks",
					"@loader_path/../Frameworks",
				);
				MARKETING_VERSION = 1.0;
				PRODUCT_BUNDLE_IDENTIFIER = com.zachtib.AdventOfCode2021UITests;
				PRODUCT_NAME = "$(TARGET_NAME)";
				SWIFT_EMIT_LOC_STRINGS = NO;
				SWIFT_VERSION = 5.0;
				TEST_TARGET_NAME = AdventOfCode2021;
			};
			name = Release;
		};
/* End XCBuildConfiguration section */

/* Begin XCConfigurationList section */
		958C9AD22757D68C0019001B /* Build configuration list for PBXProject "AdventOfCode2021" */ = {
			isa = XCConfigurationList;
			buildConfigurations = (
				958C9AFA2757D68E0019001B /* Debug */,
				958C9AFB2757D68E0019001B /* Release */,
			);
			defaultConfigurationIsVisible = 0;
			defaultConfigurationName = Release;
		};
		958C9AFC2757D68E0019001B /* Build configuration list for PBXNativeTarget "AdventOfCode2021" */ = {
			isa = XCConfigurationList;
			buildConfigurations = (
				958C9AFD2757D68E0019001B /* Debug */,
				958C9AFE2757D68E0019001B /* Release */,
			);
			defaultConfigurationIsVisible = 0;
			defaultConfigurationName = Release;
		};
		958C9AFF2757D68E0019001B /* Build configuration list for PBXNativeTarget "AdventOfCode2021Tests" */ = {
			isa = XCConfigurationList;
			buildConfigurations = (
				958C9B002757D68E0019001B /* Debug */,
				958C9B012757D68E0019001B /* Release */,
			);
			defaultConfigurationIsVisible = 0;
			defaultConfigurationName = Release;
		};
		958C9B022757D68E0019001B /* Build configuration list for PBXNativeTarget "AdventOfCode2021UITests" */ = {
			isa = XCConfigurationList;
			buildConfigurations = (
				958C9B032757D68E0019001B /* Debug */,
				958C9B042757D68E0019001B /* Release */,
			);
			defaultConfigurationIsVisible = 0;
			defaultConfigurationName = Release;
		};
/* End XCConfigurationList section */
	};
	rootObject = 958C9ACF2757D68B0019001B /* Project object */;
}
